{
  "name": "examples",
  "version": "1.0.0",
  "lockfileVersion": 3,
  "requires": true,
  "packages": {
    "": {
      "name": "examples",
      "version": "1.0.0",
      "license": "ISC",
      "dependencies": {
        "@swizzy/kit": "file:..",
        "dotenv": "^17.2.3"
      }
    },
    "..": {
      "name": "@swizzy/kit",
      "version": "1.0.0",
      "license": "MIT",
      "dependencies": {
        "@ai-sdk/anthropic": "^1.0.0",
        "@ai-sdk/google": "^1.0.0",
        "@ai-sdk/openai": "^1.0.0",
        "@ai-sdk/xai": "^1.0.0",
        "ai": "^4.0.0",
        "ws": "^8.14.2",
        "zod": "^3.22.4"
      },
      "devDependencies": {
        "@rollup/plugin-commonjs": "^25.0.7",
        "@rollup/plugin-node-resolve": "^15.2.3",
        "@rollup/plugin-typescript": "^11.1.5",
        "@types/node": "^20.10.5",
        "@types/ws": "^8.5.8",
        "rollup": "^4.9.6",
        "rollup-plugin-dts": "^6.1.0",
        "tslib": "^2.6.2",
        "typescript": "^5.3.3"
      }
    },
    "node_modules/@swizzy/kit": {
      "resolved": "..",
      "link": true
    },
    "node_modules/dotenv": {
      "version": "17.2.3",
      "resolved": "https://registry.npmjs.org/dotenv/-/dotenv-17.2.3.tgz",
      "integrity": "sha512-JVUnt+DUIzu87TABbhPmNfVdBDt18BLOWjMUFJMSi/Qqg7NTYtabbvSNJGOJ7afbRuv9D/lngizHtP7QyLQ+9w==",
      "license": "BSD-2-Clause",
      "engines": {
        "node": ">=12"
      },
      "funding": {
        "url": "https://dotenvx.com"
      }
    }
  }
}
